
Microsoft Visual Studio Solution File, Format Version 12.00
# Visual Studio 15
VisualStudioVersion = 15.0.28307.1022
MinimumVisualStudioVersion = 10.0.40219.1
Project("{8BC9CEB8-8B4A-11D0-8D11-00A0C91BC942}") = "robot", "robot\robot.vcxproj", "{6A29C30A-72AD-4C50-ADB1-CFCCBC2170DD}"
EndProject
Project("{8BC9CEB8-8B4A-11D0-8D11-00A0C91BC942}") = "helper", "..\helper\helper.vcxproj", "{BA3D3909-1317-45E8-95CF-D4F95883E95D}"
EndProject
Global
	GlobalSection(SolutionConfigurationPlatforms) = preSolution
		Debug|x64 = Debug|x64
		Debug|x86 = Debug|x86
		Release|x64 = Release|x64
		Release|x86 = Release|x86
	EndGlobalSection
	GlobalSection(ProjectConfigurationPlatforms) = postSolution
		{6A29C30A-72AD-4C50-ADB1-CFCCBC2170DD}.Debug|x64.ActiveCfg = Debug|x64
		{6A29C30A-72AD-4C50-ADB1-CFCCBC2170DD}.Debug|x64.Build.0 = Debug|x64
		{6A29C30A-72AD-4C50-ADB1-CFCCBC2170DD}.Debug|x86.ActiveCfg = Debug|Win32
		{6A29C30A-72AD-4C50-ADB1-CFCCBC2170DD}.Debug|x86.Build.0 = Debug|Win32
		{6A29C30A-72AD-4C50-ADB1-CFCCBC2170DD}.Release|x64.ActiveCfg = Release|x64
		{6A29C30A-72AD-4C50-ADB1-CFCCBC2170DD}.Release|x64.Build.0 = Release|x64
		{6A29C30A-72AD-4C50-ADB1-CFCCBC2170DD}.Release|x86.ActiveCfg = Release|Win32
		{6A29C30A-72AD-4C50-ADB1-CFCCBC2170DD}.Release|x86.Build.0 = Release|Win32
		{BA3D3909-1317-45E8-95CF-D4F95883E95D}.Debug|x64.ActiveCfg = Debug|x64
		{BA3D3909-1317-45E8-95CF-D4F95883E95D}.Debug|x64.Build.0 = Debug|x64
		{BA3D3909-1317-45E8-95CF-D4F95883E95D}.Debug|x86.ActiveCfg = Debug|Win32
		{BA3D3909-1317-45E8-95CF-D4F95883E95D}.Debug|x86.Build.0 = Debug|Win32
		{BA3D3909-1317-45E8-95CF-D4F95883E95D}.Release|x64.ActiveCfg = Release|x64
		{BA3D3909-1317-45E8-95CF-D4F95883E95D}.Release|x64.Build.0 = Release|x64
		{BA3D3909-1317-45E8-95CF-D4F95883E95D}.Release|x86.ActiveCfg = Release|Win32
		{BA3D3909-1317-45E8-95CF-D4F95883E95D}.Release|x86.Build.0 = Release|Win32
	EndGlobalSection
	GlobalSection(SolutionProperties) = preSolution
		HideSolutionNode = FALSE
	EndGlobalSection
	GlobalSection(ExtensibilityGlobals) = postSolution
		SolutionGuid = {B26FA3A9-9FBB-454B-BA4B-EEB99CBD15B2}
	EndGlobalSection
EndGlobal
